
Microsoft Visual Studio Solution File, Format Version 12.00
# Visual Studio Version 17
VisualStudioVersion = 17.4.33213.308
MinimumVisualStudioVersion = 10.0.40219.1
Project("{FAE04EC0-301F-11D3-BF4B-00C04F79EFBC}") = "Characters", "Characters\Characters.csproj", "{D188B612-1675-4196-8BC4-6353E32FDDCF}"
EndProject
Global
	GlobalSection(SolutionConfigurationPlatforms) = preSolution
		Debug|Any CPU = Debug|Any CPU
		Release|Any CPU = Release|Any CPU
	EndGlobalSection
	GlobalSection(ProjectConfigurationPlatforms) = postSolution
		{D188B612-1675-4196-8BC4-6353E32FDDCF}.Debug|Any CPU.ActiveCfg = Debug|Any CPU
		{D188B612-1675-4196-8BC4-6353E32FDDCF}.Debug|Any CPU.Build.0 = Debug|Any CPU
		{D188B612-1675-4196-8BC4-6353E32FDDCF}.Release|Any CPU.ActiveCfg = Release|Any CPU
		{D188B612-1675-4196-8BC4-6353E32FDDCF}.Release|Any CPU.Build.0 = Release|Any CPU
	EndGlobalSection
	GlobalSection(SolutionProperties) = preSolution
		HideSolutionNode = FALSE
	EndGlobalSection
	GlobalSection(ExtensibilityGlobals) = postSolution
		SolutionGuid = {87489BF5-5524-4FB0-89B9-AC20D258B8B3}
	EndGlobalSection
EndGlobal
